// !$*UTF8*$!
{
	archiveVersion = 1;
	classes = {
	};
	objectVersion = 56;
	objects = {

/* Begin PBXBuildFile section */
		983DA2032A5A4C21004EFFB3 /* SlipBoxApp.swift in Sources */ = {isa = PBXBuildFile; fileRef = 983DA2022A5A4C21004EFFB3 /* SlipBoxApp.swift */; };
		983DA2052A5A4C21004EFFB3 /* ContentView.swift in Sources */ = {isa = PBXBuildFile; fileRef = 983DA2042A5A4C21004EFFB3 /* ContentView.swift */; };
		983DA2072A5A4C23004EFFB3 /* Assets.xcassets in Resources */ = {isa = PBXBuildFile; fileRef = 983DA2062A5A4C23004EFFB3 /* Assets.xcassets */; };
		983DA20A2A5A4C23004EFFB3 /* Preview Assets.xcassets in Resources */ = {isa = PBXBuildFile; fileRef = 983DA2092A5A4C23004EFFB3 /* Preview Assets.xcassets */; };
		983DA20C2A5A4C23004EFFB3 /* Persistence.swift in Sources */ = {isa = PBXBuildFile; fileRef = 983DA20B2A5A4C23004EFFB3 /* Persistence.swift */; };
		983DA20F2A5A4C23004EFFB3 /* SlipBox.xcdatamodeld in Sources */ = {isa = PBXBuildFile; fileRef = 983DA20D2A5A4C23004EFFB3 /* SlipBox.xcdatamodeld */; };
		983DA21A2A5A4C24004EFFB3 /* SlipBoxTests.swift in Sources */ = {isa = PBXBuildFile; fileRef = 983DA2192A5A4C24004EFFB3 /* SlipBoxTests.swift */; };
		983DA2242A5A4C24004EFFB3 /* SlipBoxUITests.swift in Sources */ = {isa = PBXBuildFile; fileRef = 983DA2232A5A4C24004EFFB3 /* SlipBoxUITests.swift */; };
		983DA2262A5A4C24004EFFB3 /* SlipBoxUITestsLaunchTests.swift in Sources */ = {isa = PBXBuildFile; fileRef = 983DA2252A5A4C24004EFFB3 /* SlipBoxUITestsLaunchTests.swift */; };
/* End PBXBuildFile section */

/* Begin PBXContainerItemProxy section */
		983DA2162A5A4C24004EFFB3 /* PBXContainerItemProxy */ = {
			isa = PBXContainerItemProxy;
			containerPortal = 983DA1F72A5A4C21004EFFB3 /* Project object */;
			proxyType = 1;
			remoteGlobalIDString = 983DA1FE2A5A4C21004EFFB3;
			remoteInfo = SlipBox;
		};
		983DA2202A5A4C24004EFFB3 /* PBXContainerItemProxy */ = {
			isa = PBXContainerItemProxy;
			containerPortal = 983DA1F72A5A4C21004EFFB3 /* Project object */;
			proxyType = 1;
			remoteGlobalIDString = 983DA1FE2A5A4C21004EFFB3;
			remoteInfo = SlipBox;
		};
/* End PBXContainerItemProxy section */

/* Begin PBXFileReference section */
		983DA1FF2A5A4C21004EFFB3 /* SlipBox.app */ = {isa = PBXFileReference; explicitFileType = wrapper.application; includeInIndex = 0; path = SlipBox.app; sourceTree = BUILT_PRODUCTS_DIR; };
		983DA2022A5A4C21004EFFB3 /* SlipBoxApp.swift */ = {isa = PBXFileReference; lastKnownFileType = sourcecode.swift; path = SlipBoxApp.swift; sourceTree = "<group>"; };
		983DA2042A5A4C21004EFFB3 /* ContentView.swift */ = {isa = PBXFileReference; lastKnownFileType = sourcecode.swift; path = ContentView.swift; sourceTree = "<group>"; };
		983DA2062A5A4C23004EFFB3 /* Assets.xcassets */ = {isa = PBXFileReference; lastKnownFileType = folder.assetcatalog; path = Assets.xcassets; sourceTree = "<group>"; };
		983DA2092A5A4C23004EFFB3 /* Preview Assets.xcassets */ = {isa = PBXFileReference; lastKnownFileType = folder.assetcatalog; path = "Preview Assets.xcassets"; sourceTree = "<group>"; };
		983DA20B2A5A4C23004EFFB3 /* Persistence.swift */ = {isa = PBXFileReference; lastKnownFileType = sourcecode.swift; path = Persistence.swift; sourceTree = "<group>"; };
		983DA20E2A5A4C23004EFFB3 /* SlipBox.xcdatamodel */ = {isa = PBXFileReference; lastKnownFileType = wrapper.xcdatamodel; path = SlipBox.xcdatamodel; sourceTree = "<group>"; };
		983DA2102A5A4C23004EFFB3 /* SlipBox.entitlements */ = {isa = PBXFileReference; lastKnownFileType = text.plist.entitlements; path = SlipBox.entitlements; sourceTree = "<group>"; };
		983DA2152A5A4C24004EFFB3 /* SlipBoxTests.xctest */ = {isa = PBXFileReference; explicitFileType = wrapper.cfbundle; includeInIndex = 0; path = SlipBoxTests.xctest; sourceTree = BUILT_PRODUCTS_DIR; };
		983DA2192A5A4C24004EFFB3 /* SlipBoxTests.swift */ = {isa = PBXFileReference; lastKnownFileType = sourcecode.swift; path = SlipBoxTests.swift; sourceTree = "<group>"; };
		983DA21F2A5A4C24004EFFB3 /* SlipBoxUITests.xctest */ = {isa = PBXFileReference; explicitFileType = wrapper.cfbundle; includeInIndex = 0; path = SlipBoxUITests.xctest; sourceTree = BUILT_PRODUCTS_DIR; };
		983DA2232A5A4C24004EFFB3 /* SlipBoxUITests.swift */ = {isa = PBXFileReference; lastKnownFileType = sourcecode.swift; path = SlipBoxUITests.swift; sourceTree = "<group>"; };
		983DA2252A5A4C24004EFFB3 /* SlipBoxUITestsLaunchTests.swift */ = {isa = PBXFileReference; lastKnownFileType = sourcecode.swift; path = SlipBoxUITestsLaunchTests.swift; sourceTree = "<group>"; };
/* End PBXFileReference section */

/* Begin PBXFrameworksBuildPhase section */
		983DA1FC2A5A4C21004EFFB3 /* Frameworks */ = {
			isa = PBXFrameworksBuildPhase;
			buildActionMask = 2147483647;
			files = (
			);
			runOnlyForDeploymentPostprocessing = 0;
		};
		983DA2122A5A4C24004EFFB3 /* Frameworks */ = {
			isa = PBXFrameworksBuildPhase;
			buildActionMask = 2147483647;
			files = (
			);
			runOnlyForDeploymentPostprocessing = 0;
		};
		983DA21C2A5A4C24004EFFB3 /* Frameworks */ = {
			isa = PBXFrameworksBuildPhase;
			buildActionMask = 2147483647;
			files = (
			);
			runOnlyForDeploymentPostprocessing = 0;
		};
/* End PBXFrameworksBuildPhase section */

/* Begin PBXGroup section */
		983DA1F62A5A4C21004EFFB3 = {
			isa = PBXGroup;
			children = (
				983DA2012A5A4C21004EFFB3 /* SlipBox */,
				983DA2182A5A4C24004EFFB3 /* SlipBoxTests */,
				983DA2222A5A4C24004EFFB3 /* SlipBoxUITests */,
				983DA2002A5A4C21004EFFB3 /* Products */,
			);
			sourceTree = "<group>";
		};
		983DA2002A5A4C21004EFFB3 /* Products */ = {
			isa = PBXGroup;
			children = (
				983DA1FF2A5A4C21004EFFB3 /* SlipBox.app */,
				983DA2152A5A4C24004EFFB3 /* SlipBoxTests.xctest */,
				983DA21F2A5A4C24004EFFB3 /* SlipBoxUITests.xctest */,
			);
			name = Products;
			sourceTree = "<group>";
		};
		983DA2012A5A4C21004EFFB3 /* SlipBox */ = {
			isa = PBXGroup;
			children = (
				983DA2022A5A4C21004EFFB3 /* SlipBoxApp.swift */,
				983DA2042A5A4C21004EFFB3 /* ContentView.swift */,
				983DA2062A5A4C23004EFFB3 /* Assets.xcassets */,
				983DA20B2A5A4C23004EFFB3 /* Persistence.swift */,
				983DA2102A5A4C23004EFFB3 /* SlipBox.entitlements */,
				983DA20D2A5A4C23004EFFB3 /* SlipBox.xcdatamodeld */,
				983DA2082A5A4C23004EFFB3 /* Preview Content */,
			);
			path = SlipBox;
			sourceTree = "<group>";
		};
		983DA2082A5A4C23004EFFB3 /* Preview Content */ = {
			isa = PBXGroup;
			children = (
				983DA2092A5A4C23004EFFB3 /* Preview Assets.xcassets */,
			);
			path = "Preview Content";
			sourceTree = "<group>";
		};
		983DA2182A5A4C24004EFFB3 /* SlipBoxTests */ = {
			isa = PBXGroup;
			children = (
				983DA2192A5A4C24004EFFB3 /* SlipBoxTests.swift */,
			);
			path = SlipBoxTests;
			sourceTree = "<group>";
		};
		983DA2222A5A4C24004EFFB3 /* SlipBoxUITests */ = {
			isa = PBXGroup;
			children = (
				983DA2232A5A4C24004EFFB3 /* SlipBoxUITests.swift */,
				983DA2252A5A4C24004EFFB3 /* SlipBoxUITestsLaunchTests.swift */,
			);
			path = SlipBoxUITests;
			sourceTree = "<group>";
		};
/* End PBXGroup section */

/* Begin PBXNativeTarget section */
		983DA1FE2A5A4C21004EFFB3 /* SlipBox */ = {
			isa = PBXNativeTarget;
			buildConfigurationList = 983DA2292A5A4C24004EFFB3 /* Build configuration list for PBXNativeTarget "SlipBox" */;
			buildPhases = (
				983DA1FB2A5A4C21004EFFB3 /* Sources */,
				983DA1FC2A5A4C21004EFFB3 /* Frameworks */,
				983DA1FD2A5A4C21004EFFB3 /* Resources */,
			);
			buildRules = (
			);
			dependencies = (
			);
			name = SlipBox;
			productName = SlipBox;
			productReference = 983DA1FF2A5A4C21004EFFB3 /* SlipBox.app */;
			productType = "com.apple.product-type.application";
		};
		983DA2142A5A4C24004EFFB3 /* SlipBoxTests */ = {
			isa = PBXNativeTarget;
			buildConfigurationList = 983DA22C2A5A4C24004EFFB3 /* Build configuration list for PBXNativeTarget "SlipBoxTests" */;
			buildPhases = (
				983DA2112A5A4C24004EFFB3 /* Sources */,
				983DA2122A5A4C24004EFFB3 /* Frameworks */,
				983DA2132A5A4C24004EFFB3 /* Resources */,
			);
			buildRules = (
			);
			dependencies = (
				983DA2172A5A4C24004EFFB3 /* PBXTargetDependency */,
			);
			name = SlipBoxTests;
			productName = SlipBoxTests;
			productReference = 983DA2152A5A4C24004EFFB3 /* SlipBoxTests.xctest */;
			productType = "com.apple.product-type.bundle.unit-test";
		};
		983DA21E2A5A4C24004EFFB3 /* SlipBoxUITests */ = {
			isa = PBXNativeTarget;
			buildConfigurationList = 983DA22F2A5A4C24004EFFB3 /* Build configuration list for PBXNativeTarget "SlipBoxUITests" */;
			buildPhases = (
				983DA21B2A5A4C24004EFFB3 /* Sources */,
				983DA21C2A5A4C24004EFFB3 /* Frameworks */,
				983DA21D2A5A4C24004EFFB3 /* Resources */,
			);
			buildRules = (
			);
			dependencies = (
				983DA2212A5A4C24004EFFB3 /* PBXTargetDependency */,
			);
			name = SlipBoxUITests;
			productName = SlipBoxUITests;
			productReference = 983DA21F2A5A4C24004EFFB3 /* SlipBoxUITests.xctest */;
			productType = "com.apple.product-type.bundle.ui-testing";
		};
/* End PBXNativeTarget section */

/* Begin PBXProject section */
		983DA1F72A5A4C21004EFFB3 /* Project object */ = {
			isa = PBXProject;
			attributes = {
				BuildIndependentTargetsInParallel = 1;
				LastSwiftUpdateCheck = 1420;
				LastUpgradeCheck = 1420;
				TargetAttributes = {
					983DA1FE2A5A4C21004EFFB3 = {
						CreatedOnToolsVersion = 14.2;
					};
					983DA2142A5A4C24004EFFB3 = {
						CreatedOnToolsVersion = 14.2;
						TestTargetID = 983DA1FE2A5A4C21004EFFB3;
					};
					983DA21E2A5A4C24004EFFB3 = {
						CreatedOnToolsVersion = 14.2;
						TestTargetID = 983DA1FE2A5A4C21004EFFB3;
					};
				};
			};
			buildConfigurationList = 983DA1FA2A5A4C21004EFFB3 /* Build configuration list for PBXProject "SlipBox" */;
			compatibilityVersion = "Xcode 14.0";
			developmentRegion = en;
			hasScannedForEncodings = 0;
			knownRegions = (
				en,
				Base,
			);
			mainGroup = 983DA1F62A5A4C21004EFFB3;
			productRefGroup = 983DA2002A5A4C21004EFFB3 /* Products */;
			projectDirPath = "";
			projectRoot = "";
			targets = (
				983DA1FE2A5A4C21004EFFB3 /* SlipBox */,
				983DA2142A5A4C24004EFFB3 /* SlipBoxTests */,
				983DA21E2A5A4C24004EFFB3 /* SlipBoxUITests */,
			);
		};
/* End PBXProject section */

/* Begin PBXResourcesBuildPhase section */
		983DA1FD2A5A4C21004EFFB3 /* Resources */ = {
			isa = PBXResourcesBuildPhase;
			buildActionMask = 2147483647;
			files = (
				983DA20A2A5A4C23004EFFB3 /* Preview Assets.xcassets in Resources */,
				983DA2072A5A4C23004EFFB3 /* Assets.xcassets in Resources */,
			);
			runOnlyForDeploymentPostprocessing = 0;
		};
		983DA2132A5A4C24004EFFB3 /* Resources */ = {
			isa = PBXResourcesBuildPhase;
			buildActionMask = 2147483647;
			files = (
			);
			runOnlyForDeploymentPostprocessing = 0;
		};
		983DA21D2A5A4C24004EFFB3 /* Resources */ = {
			isa = PBXResourcesBuildPhase;
			buildActionMask = 2147483647;
			files = (
			);
			runOnlyForDeploymentPostprocessing = 0;
		};
/* End PBXResourcesBuildPhase section */

/* Begin PBXSourcesBuildPhase section */
		983DA1FB2A5A4C21004EFFB3 /* Sources */ = {
			isa = PBXSourcesBuildPhase;
			buildActionMask = 2147483647;
			files = (
				983DA20C2A5A4C23004EFFB3 /* Persistence.swift in Sources */,
				983DA20F2A5A4C23004EFFB3 /* SlipBox.xcdatamodeld in Sources */,
				983DA2052A5A4C21004EFFB3 /* ContentView.swift in Sources */,
				983DA2032A5A4C21004EFFB3 /* SlipBoxApp.swift in Sources */,
			);
			runOnlyForDeploymentPostprocessing = 0;
		};
		983DA2112A5A4C24004EFFB3 /* Sources */ = {
			isa = PBXSourcesBuildPhase;
			buildActionMask = 2147483647;
			files = (
				983DA21A2A5A4C24004EFFB3 /* SlipBoxTests.swift in Sources */,
			);
			runOnlyForDeploymentPostprocessing = 0;
		};
		983DA21B2A5A4C24004EFFB3 /* Sources */ = {
			isa = PBXSourcesBuildPhase;
			buildActionMask = 2147483647;
			files = (
				983DA2262A5A4C24004EFFB3 /* SlipBoxUITestsLaunchTests.swift in Sources */,
				983DA2242A5A4C24004EFFB3 /* SlipBoxUITests.swift in Sources */,
			);
			runOnlyForDeploymentPostprocessing = 0;
		};
/* End PBXSourcesBuildPhase section */

/* Begin PBXTargetDependency section */
		983DA2172A5A4C24004EFFB3 /* PBXTargetDependency */ = {
			isa = PBXTargetDependency;
			target = 983DA1FE2A5A4C21004EFFB3 /* SlipBox */;
			targetProxy = 983DA2162A5A4C24004EFFB3 /* PBXContainerItemProxy */;
		};
		983DA2212A5A4C24004EFFB3 /* PBXTargetDependency */ = {
			isa = PBXTargetDependency;
			target = 983DA1FE2A5A4C21004EFFB3 /* SlipBox */;
			targetProxy = 983DA2202A5A4C24004EFFB3 /* PBXContainerItemProxy */;
		};
/* End PBXTargetDependency section */

/* Begin XCBuildConfiguration section */
		983DA2272A5A4C24004EFFB3 /* Debug */ = {
			isa = XCBuildConfiguration;
			buildSettings = {
				ALWAYS_SEARCH_USER_PATHS = NO;
				CLANG_ANALYZER_NONNULL = YES;
				CLANG_ANALYZER_NUMBER_OBJECT_CONVERSION = YES_AGGRESSIVE;
				CLANG_CXX_LANGUAGE_STANDARD = "gnu++20";
				CLANG_ENABLE_MODULES = YES;
				CLANG_ENABLE_OBJC_ARC = YES;
				CLANG_ENABLE_OBJC_WEAK = YES;
				CLANG_WARN_BLOCK_CAPTURE_AUTORELEASING = YES;
				CLANG_WARN_BOOL_CONVERSION = YES;
				CLANG_WARN_COMMA = YES;
				CLANG_WARN_CONSTANT_CONVERSION = YES;
				CLANG_WARN_DEPRECATED_OBJC_IMPLEMENTATIONS = YES;
				CLANG_WARN_DIRECT_OBJC_ISA_USAGE = YES_ERROR;
				CLANG_WARN_DOCUMENTATION_COMMENTS = YES;
				CLANG_WARN_EMPTY_BODY = YES;
				CLANG_WARN_ENUM_CONVERSION = YES;
				CLANG_WARN_INFINITE_RECURSION = YES;
				CLANG_WARN_INT_CONVERSION = YES;
				CLANG_WARN_NON_LITERAL_NULL_CONVERSION = YES;
				CLANG_WARN_OBJC_IMPLICIT_RETAIN_SELF = YES;
				CLANG_WARN_OBJC_LITERAL_CONVERSION = YES;
				CLANG_WARN_OBJC_ROOT_CLASS = YES_ERROR;
				CLANG_WARN_QUOTED_INCLUDE_IN_FRAMEWORK_HEADER = YES;
				CLANG_WARN_RANGE_LOOP_ANALYSIS = YES;
				CLANG_WARN_STRICT_PROTOTYPES = YES;
				CLANG_WARN_SUSPICIOUS_MOVE = YES;
				CLANG_WARN_UNGUARDED_AVAILABILITY = YES_AGGRESSIVE;
				CLANG_WARN_UNREACHABLE_CODE = YES;
				CLANG_WARN__DUPLICATE_METHOD_MATCH = YES;
				COPY_PHASE_STRIP = NO;
				DEBUG_INFORMATION_FORMAT = dwarf;
				ENABLE_STRICT_OBJC_MSGSEND = YES;
				ENABLE_TESTABILITY = YES;
				GCC_C_LANGUAGE_STANDARD = gnu11;
				GCC_DYNAMIC_NO_PIC = NO;
				GCC_NO_COMMON_BLOCKS = YES;
				GCC_OPTIMIZATION_LEVEL = 0;
				GCC_PREPROCESSOR_DEFINITIONS = (
					"DEBUG=1",
					"$(inherited)",
				);
				GCC_WARN_64_TO_32_BIT_CONVERSION = YES;
				GCC_WARN_ABOUT_RETURN_TYPE = YES_ERROR;
				GCC_WARN_UNDECLARED_SELECTOR = YES;
				GCC_WARN_UNINITIALIZED_AUTOS = YES_AGGRESSIVE;
				GCC_WARN_UNUSED_FUNCTION = YES;
				GCC_WARN_UNUSED_VARIABLE = YES;
				MACOSX_DEPLOYMENT_TARGET = 12.6;
				MTL_ENABLE_DEBUG_INFO = INCLUDE_SOURCE;
				MTL_FAST_MATH = YES;
				ONLY_ACTIVE_ARCH = YES;
				SDKROOT = macosx;
				SWIFT_ACTIVE_COMPILATION_CONDITIONS = DEBUG;
				SWIFT_OPTIMIZATION_LEVEL = "-Onone";
			};
			name = Debug;
		};
		983DA2282A5A4C24004EFFB3 /* Release */ = {
			isa = XCBuildConfiguration;
			buildSettings = {
				ALWAYS_SEARCH_USER_PATHS = NO;
				CLANG_ANALYZER_NONNULL = YES;
				CLANG_ANALYZER_NUMBER_OBJECT_CONVERSION = YES_AGGRESSIVE;
				CLANG_CXX_LANGUAGE_STANDARD = "gnu++20";
				CLANG_ENABLE_MODULES = YES;
				CLANG_ENABLE_OBJC_ARC = YES;
				CLANG_ENABLE_OBJC_WEAK = YES;
				CLANG_WARN_BLOCK_CAPTURE_AUTORELEASING = YES;
				CLANG_WARN_BOOL_CONVERSION = YES;
				CLANG_WARN_COMMA = YES;
				CLANG_WARN_CONSTANT_CONVERSION = YES;
				CLANG_WARN_DEPRECATED_OBJC_IMPLEMENTATIONS = YES;
				CLANG_WARN_DIRECT_OBJC_ISA_USAGE = YES_ERROR;
				CLANG_WARN_DOCUMENTATION_COMMENTS = YES;
				CLANG_WARN_EMPTY_BODY = YES;
				CLANG_WARN_ENUM_CONVERSION = YES;
				CLANG_WARN_INFINITE_RECURSION = YES;
				CLANG_WARN_INT_CONVERSION = YES;
				CLANG_WARN_NON_LITERAL_NULL_CONVERSION = YES;
				CLANG_WARN_OBJC_IMPLICIT_RETAIN_SELF = YES;
				CLANG_WARN_OBJC_LITERAL_CONVERSION = YES;
				CLANG_WARN_OBJC_ROOT_CLASS = YES_ERROR;
				CLANG_WARN_QUOTED_INCLUDE_IN_FRAMEWORK_HEADER = YES;
				CLANG_WARN_RANGE_LOOP_ANALYSIS = YES;
				CLANG_WARN_STRICT_PROTOTYPES = YES;
				CLANG_WARN_SUSPICIOUS_MOVE = YES;
				CLANG_WARN_UNGUARDED_AVAILABILITY = YES_AGGRESSIVE;
				CLANG_WARN_UNREACHABLE_CODE = YES;
				CLANG_WARN__DUPLICATE_METHOD_MATCH = YES;
				COPY_PHASE_STRIP = NO;
				DEBUG_INFORMATION_FORMAT = "dwarf-with-dsym";
				ENABLE_NS_ASSERTIONS = NO;
				ENABLE_STRICT_OBJC_MSGSEND = YES;
				GCC_C_LANGUAGE_STANDARD = gnu11;
				GCC_NO_COMMON_BLOCKS = YES;
				GCC_WARN_64_TO_32_BIT_CONVERSION = YES;
				GCC_WARN_ABOUT_RETURN_TYPE = YES_ERROR;
				GCC_WARN_UNDECLARED_SELECTOR = YES;
				GCC_WARN_UNINITIALIZED_AUTOS = YES_AGGRESSIVE;
				GCC_WARN_UNUSED_FUNCTION = YES;
				GCC_WARN_UNUSED_VARIABLE = YES;
				MACOSX_DEPLOYMENT_TARGET = 12.6;
				MTL_ENABLE_DEBUG_INFO = NO;
				MTL_FAST_MATH = YES;
				SDKROOT = macosx;
				SWIFT_COMPILATION_MODE = wholemodule;
				SWIFT_OPTIMIZATION_LEVEL = "-O";
			};
			name = Release;
		};
		983DA22A2A5A4C24004EFFB3 /* Debug */ = {
			isa = XCBuildConfiguration;
			buildSettings = {
				ASSETCATALOG_COMPILER_APPICON_NAME = AppIcon;
				ASSETCATALOG_COMPILER_GLOBAL_ACCENT_COLOR_NAME = AccentColor;
				CODE_SIGN_ENTITLEMENTS = SlipBox/SlipBox.entitlements;
				CODE_SIGN_STYLE = Automatic;
				COMBINE_HIDPI_IMAGES = YES;
				CURRENT_PROJECT_VERSION = 1;
				DEVELOPMENT_ASSET_PATHS = "\"SlipBox/Preview Content\"";
				ENABLE_PREVIEWS = YES;
				GENERATE_INFOPLIST_FILE = YES;
				INFOPLIST_KEY_NSHumanReadableCopyright = "";
				LD_RUNPATH_SEARCH_PATHS = (
					"$(inherited)",
					"@executable_path/../Frameworks",
				);
				MARKETING_VERSION = 1.0;
				PRODUCT_BUNDLE_IDENTIFIER = SmartLeaderApp.SlipBox;
				PRODUCT_NAME = "$(TARGET_NAME)";
				SWIFT_EMIT_LOC_STRINGS = YES;
				SWIFT_VERSION = 5.0;
			};
			name = Debug;
		};
		983DA22B2A5A4C24004EFFB3 /* Release */ = {
			isa = XCBuildConfiguration;
			buildSettings = {
				ASSETCATALOG_COMPILER_APPICON_NAME = AppIcon;
				ASSETCATALOG_COMPILER_GLOBAL_ACCENT_COLOR_NAME = AccentColor;
				CODE_SIGN_ENTITLEMENTS = SlipBox/SlipBox.entitlements;
				CODE_SIGN_STYLE = Automatic;
				COMBINE_HIDPI_IMAGES = YES;
				CURRENT_PROJECT_VERSION = 1;
				DEVELOPMENT_ASSET_PATHS = "\"SlipBox/Preview Content\"";
				ENABLE_PREVIEWS = YES;
				GENERATE_INFOPLIST_FILE = YES;
				INFOPLIST_KEY_NSHumanReadableCopyright = "";
				LD_RUNPATH_SEARCH_PATHS = (
					"$(inherited)",
					"@executable_path/../Frameworks",
				);
				MARKETING_VERSION = 1.0;
				PRODUCT_BUNDLE_IDENTIFIER = SmartLeaderApp.SlipBox;
				PRODUCT_NAME = "$(TARGET_NAME)";
				SWIFT_EMIT_LOC_STRINGS = YES;
				SWIFT_VERSION = 5.0;
			};
			name = Release;
		};
		983DA22D2A5A4C24004EFFB3 /* Debug */ = {
			isa = XCBuildConfiguration;
			buildSettings = {
				ALWAYS_EMBED_SWIFT_STANDARD_LIBRARIES = YES;
				BUNDLE_LOADER = "$(TEST_HOST)";
				CODE_SIGN_STYLE = Automatic;
				CURRENT_PROJECT_VERSION = 1;
				GENERATE_INFOPLIST_FILE = YES;
				MACOSX_DEPLOYMENT_TARGET = 12.6;
				MARKETING_VERSION = 1.0;
				PRODUCT_BUNDLE_IDENTIFIER = SmartLeaderApp.SlipBoxTests;
				PRODUCT_NAME = "$(TARGET_NAME)";
				SWIFT_EMIT_LOC_STRINGS = NO;
				SWIFT_VERSION = 5.0;
				TEST_HOST = "$(BUILT_PRODUCTS_DIR)/SlipBox.app/$(BUNDLE_EXECUTABLE_FOLDER_PATH)/SlipBox";
			};
			name = Debug;
		};
		983DA22E2A5A4C24004EFFB3 /* Release */ = {
			isa = XCBuildConfiguration;
			buildSettings = {
				ALWAYS_EMBED_SWIFT_STANDARD_LIBRARIES = YES;
				BUNDLE_LOADER = "$(TEST_HOST)";
				CODE_SIGN_STYLE = Automatic;
				CURRENT_PROJECT_VERSION = 1;
				GENERATE_INFOPLIST_FILE = YES;
				MACOSX_DEPLOYMENT_TARGET = 12.6;
				MARKETING_VERSION = 1.0;
				PRODUCT_BUNDLE_IDENTIFIER = SmartLeaderApp.SlipBoxTests;
				PRODUCT_NAME = "$(TARGET_NAME)";
				SWIFT_EMIT_LOC_STRINGS = NO;
				SWIFT_VERSION = 5.0;
				TEST_HOST = "$(BUILT_PRODUCTS_DIR)/SlipBox.app/$(BUNDLE_EXECUTABLE_FOLDER_PATH)/SlipBox";
			};
			name = Release;
		};
		983DA2302A5A4C24004EFFB3 /* Debug */ = {
			isa = XCBuildConfiguration;
			buildSettings = {
				ALWAYS_EMBED_SWIFT_STANDARD_LIBRARIES = YES;
				CODE_SIGN_STYLE = Automatic;
				CURRENT_PROJECT_VERSION = 1;
				GENERATE_INFOPLIST_FILE = YES;
				MARKETING_VERSION = 1.0;
				PRODUCT_BUNDLE_IDENTIFIER = SmartLeaderApp.SlipBoxUITests;
				PRODUCT_NAME = "$(TARGET_NAME)";
				SWIFT_EMIT_LOC_STRINGS = NO;
				SWIFT_VERSION = 5.0;
				TEST_TARGET_NAME = SlipBox;
			};
			name = Debug;
		};
		983DA2312A5A4C24004EFFB3 /* Release */ = {
			isa = XCBuildConfiguration;
			buildSettings = {
				ALWAYS_EMBED_SWIFT_STANDARD_LIBRARIES = YES;
				CODE_SIGN_STYLE = Automatic;
				CURRENT_PROJECT_VERSION = 1;
				GENERATE_INFOPLIST_FILE = YES;
				MARKETING_VERSION = 1.0;
				PRODUCT_BUNDLE_IDENTIFIER = SmartLeaderApp.SlipBoxUITests;
				PRODUCT_NAME = "$(TARGET_NAME)";
				SWIFT_EMIT_LOC_STRINGS = NO;
				SWIFT_VERSION = 5.0;
				TEST_TARGET_NAME = SlipBox;
			};
			name = Release;
		};
/* End XCBuildConfiguration section */

/* Begin XCConfigurationList section */
		983DA1FA2A5A4C21004EFFB3 /* Build configuration list for PBXProject "SlipBox" */ = {
			isa = XCConfigurationList;
			buildConfigurations = (
				983DA2272A5A4C24004EFFB3 /* Debug */,
				983DA2282A5A4C24004EFFB3 /* Release */,
			);
			defaultConfigurationIsVisible = 0;
			defaultConfigurationName = Release;
		};
		983DA2292A5A4C24004EFFB3 /* Build configuration list for PBXNativeTarget "SlipBox" */ = {
			isa = XCConfigurationList;
			buildConfigurations = (
				983DA22A2A5A4C24004EFFB3 /* Debug */,
				983DA22B2A5A4C24004EFFB3 /* Release */,
			);
			defaultConfigurationIsVisible = 0;
			defaultConfigurationName = Release;
		};
		983DA22C2A5A4C24004EFFB3 /* Build configuration list for PBXNativeTarget "SlipBoxTests" */ = {
			isa = XCConfigurationList;
			buildConfigurations = (
				983DA22D2A5A4C24004EFFB3 /* Debug */,
				983DA22E2A5A4C24004EFFB3 /* Release */,
			);
			defaultConfigurationIsVisible = 0;
			defaultConfigurationName = Release;
		};
		983DA22F2A5A4C24004EFFB3 /* Build configuration list for PBXNativeTarget "SlipBoxUITests" */ = {
			isa = XCConfigurationList;
			buildConfigurations = (
				983DA2302A5A4C24004EFFB3 /* Debug */,
				983DA2312A5A4C24004EFFB3 /* Release */,
			);
			defaultConfigurationIsVisible = 0;
			defaultConfigurationName = Release;
		};
/* End XCConfigurationList section */

/* Begin XCVersionGroup section */
		983DA20D2A5A4C23004EFFB3 /* SlipBox.xcdatamodeld */ = {
			isa = XCVersionGroup;
			children = (
				983DA20E2A5A4C23004EFFB3 /* SlipBox.xcdatamodel */,
			);
			currentVersion = 983DA20E2A5A4C23004EFFB3 /* SlipBox.xcdatamodel */;
			path = SlipBox.xcdatamodeld;
			sourceTree = "<group>";
			versionGroupType = wrapper.xcdatamodel;
		};
/* End XCVersionGroup section */
	};
	rootObject = 983DA1F72A5A4C21004EFFB3 /* Project object */;
}
