// !$*UTF8*$!
{
	archiveVersion = 1;
	classes = {
	};
	objectVersion = 56;
	objects = {

/* Begin PBXBuildFile section */
		98C655512A5D3F03004C0691 /* TestApp.swift in Sources */ = {isa = PBXBuildFile; fileRef = 98C655502A5D3F03004C0691 /* TestApp.swift */; };
		98C655532A5D3F03004C0691 /* ContentView.swift in Sources */ = {isa = PBXBuildFile; fileRef = 98C655522A5D3F03004C0691 /* ContentView.swift */; };
		98C655552A5D3F04004C0691 /* Assets.xcassets in Resources */ = {isa = PBXBuildFile; fileRef = 98C655542A5D3F04004C0691 /* Assets.xcassets */; };
		98C655582A5D3F04004C0691 /* Preview Assets.xcassets in Resources */ = {isa = PBXBuildFile; fileRef = 98C655572A5D3F04004C0691 /* Preview Assets.xcassets */; };
		98C6555A2A5D3F04004C0691 /* Persistence.swift in Sources */ = {isa = PBXBuildFile; fileRef = 98C655592A5D3F04004C0691 /* Persistence.swift */; };
		98C6555D2A5D3F04004C0691 /* Test.xcdatamodeld in Sources */ = {isa = PBXBuildFile; fileRef = 98C6555B2A5D3F04004C0691 /* Test.xcdatamodeld */; };
		98C655682A5D3F05004C0691 /* TestTests.swift in Sources */ = {isa = PBXBuildFile; fileRef = 98C655672A5D3F05004C0691 /* TestTests.swift */; };
		98C655722A5D3F05004C0691 /* TestUITests.swift in Sources */ = {isa = PBXBuildFile; fileRef = 98C655712A5D3F05004C0691 /* TestUITests.swift */; };
		98C655742A5D3F05004C0691 /* TestUITestsLaunchTests.swift in Sources */ = {isa = PBXBuildFile; fileRef = 98C655732A5D3F05004C0691 /* TestUITestsLaunchTests.swift */; };
/* End PBXBuildFile section */

/* Begin PBXContainerItemProxy section */
		98C655642A5D3F05004C0691 /* PBXContainerItemProxy */ = {
			isa = PBXContainerItemProxy;
			containerPortal = 98C655452A5D3F02004C0691 /* Project object */;
			proxyType = 1;
			remoteGlobalIDString = 98C6554C2A5D3F03004C0691;
			remoteInfo = Test;
		};
		98C6556E2A5D3F05004C0691 /* PBXContainerItemProxy */ = {
			isa = PBXContainerItemProxy;
			containerPortal = 98C655452A5D3F02004C0691 /* Project object */;
			proxyType = 1;
			remoteGlobalIDString = 98C6554C2A5D3F03004C0691;
			remoteInfo = Test;
		};
/* End PBXContainerItemProxy section */

/* Begin PBXFileReference section */
		98C6554D2A5D3F03004C0691 /* Test.app */ = {isa = PBXFileReference; explicitFileType = wrapper.application; includeInIndex = 0; path = Test.app; sourceTree = BUILT_PRODUCTS_DIR; };
		98C655502A5D3F03004C0691 /* TestApp.swift */ = {isa = PBXFileReference; lastKnownFileType = sourcecode.swift; path = TestApp.swift; sourceTree = "<group>"; };
		98C655522A5D3F03004C0691 /* ContentView.swift */ = {isa = PBXFileReference; lastKnownFileType = sourcecode.swift; path = ContentView.swift; sourceTree = "<group>"; };
		98C655542A5D3F04004C0691 /* Assets.xcassets */ = {isa = PBXFileReference; lastKnownFileType = folder.assetcatalog; path = Assets.xcassets; sourceTree = "<group>"; };
		98C655572A5D3F04004C0691 /* Preview Assets.xcassets */ = {isa = PBXFileReference; lastKnownFileType = folder.assetcatalog; path = "Preview Assets.xcassets"; sourceTree = "<group>"; };
		98C655592A5D3F04004C0691 /* Persistence.swift */ = {isa = PBXFileReference; lastKnownFileType = sourcecode.swift; path = Persistence.swift; sourceTree = "<group>"; };
		98C6555C2A5D3F04004C0691 /* Test.xcdatamodel */ = {isa = PBXFileReference; lastKnownFileType = wrapper.xcdatamodel; path = Test.xcdatamodel; sourceTree = "<group>"; };
		98C6555E2A5D3F04004C0691 /* Test.entitlements */ = {isa = PBXFileReference; lastKnownFileType = text.plist.entitlements; path = Test.entitlements; sourceTree = "<group>"; };
		98C655632A5D3F05004C0691 /* TestTests.xctest */ = {isa = PBXFileReference; explicitFileType = wrapper.cfbundle; includeInIndex = 0; path = TestTests.xctest; sourceTree = BUILT_PRODUCTS_DIR; };
		98C655672A5D3F05004C0691 /* TestTests.swift */ = {isa = PBXFileReference; lastKnownFileType = sourcecode.swift; path = TestTests.swift; sourceTree = "<group>"; };
		98C6556D2A5D3F05004C0691 /* TestUITests.xctest */ = {isa = PBXFileReference; explicitFileType = wrapper.cfbundle; includeInIndex = 0; path = TestUITests.xctest; sourceTree = BUILT_PRODUCTS_DIR; };
		98C655712A5D3F05004C0691 /* TestUITests.swift */ = {isa = PBXFileReference; lastKnownFileType = sourcecode.swift; path = TestUITests.swift; sourceTree = "<group>"; };
		98C655732A5D3F05004C0691 /* TestUITestsLaunchTests.swift */ = {isa = PBXFileReference; lastKnownFileType = sourcecode.swift; path = TestUITestsLaunchTests.swift; sourceTree = "<group>"; };
/* End PBXFileReference section */

/* Begin PBXFrameworksBuildPhase section */
		98C6554A2A5D3F03004C0691 /* Frameworks */ = {
			isa = PBXFrameworksBuildPhase;
			buildActionMask = 2147483647;
			files = (
			);
			runOnlyForDeploymentPostprocessing = 0;
		};
		98C655602A5D3F05004C0691 /* Frameworks */ = {
			isa = PBXFrameworksBuildPhase;
			buildActionMask = 2147483647;
			files = (
			);
			runOnlyForDeploymentPostprocessing = 0;
		};
		98C6556A2A5D3F05004C0691 /* Frameworks */ = {
			isa = PBXFrameworksBuildPhase;
			buildActionMask = 2147483647;
			files = (
			);
			runOnlyForDeploymentPostprocessing = 0;
		};
/* End PBXFrameworksBuildPhase section */

/* Begin PBXGroup section */
		98C655442A5D3F02004C0691 = {
			isa = PBXGroup;
			children = (
				98C6554F2A5D3F03004C0691 /* Test */,
				98C655662A5D3F05004C0691 /* TestTests */,
				98C655702A5D3F05004C0691 /* TestUITests */,
				98C6554E2A5D3F03004C0691 /* Products */,
			);
			sourceTree = "<group>";
		};
		98C6554E2A5D3F03004C0691 /* Products */ = {
			isa = PBXGroup;
			children = (
				98C6554D2A5D3F03004C0691 /* Test.app */,
				98C655632A5D3F05004C0691 /* TestTests.xctest */,
				98C6556D2A5D3F05004C0691 /* TestUITests.xctest */,
			);
			name = Products;
			sourceTree = "<group>";
		};
		98C6554F2A5D3F03004C0691 /* Test */ = {
			isa = PBXGroup;
			children = (
				98C655502A5D3F03004C0691 /* TestApp.swift */,
				98C655522A5D3F03004C0691 /* ContentView.swift */,
				98C655542A5D3F04004C0691 /* Assets.xcassets */,
				98C655592A5D3F04004C0691 /* Persistence.swift */,
				98C6555E2A5D3F04004C0691 /* Test.entitlements */,
				98C6555B2A5D3F04004C0691 /* Test.xcdatamodeld */,
				98C655562A5D3F04004C0691 /* Preview Content */,
			);
			path = Test;
			sourceTree = "<group>";
		};
		98C655562A5D3F04004C0691 /* Preview Content */ = {
			isa = PBXGroup;
			children = (
				98C655572A5D3F04004C0691 /* Preview Assets.xcassets */,
			);
			path = "Preview Content";
			sourceTree = "<group>";
		};
		98C655662A5D3F05004C0691 /* TestTests */ = {
			isa = PBXGroup;
			children = (
				98C655672A5D3F05004C0691 /* TestTests.swift */,
			);
			path = TestTests;
			sourceTree = "<group>";
		};
		98C655702A5D3F05004C0691 /* TestUITests */ = {
			isa = PBXGroup;
			children = (
				98C655712A5D3F05004C0691 /* TestUITests.swift */,
				98C655732A5D3F05004C0691 /* TestUITestsLaunchTests.swift */,
			);
			path = TestUITests;
			sourceTree = "<group>";
		};
/* End PBXGroup section */

/* Begin PBXNativeTarget section */
		98C6554C2A5D3F03004C0691 /* Test */ = {
			isa = PBXNativeTarget;
			buildConfigurationList = 98C655772A5D3F05004C0691 /* Build configuration list for PBXNativeTarget "Test" */;
			buildPhases = (
				98C655492A5D3F03004C0691 /* Sources */,
				98C6554A2A5D3F03004C0691 /* Frameworks */,
				98C6554B2A5D3F03004C0691 /* Resources */,
			);
			buildRules = (
			);
			dependencies = (
			);
			name = Test;
			productName = Test;
			productReference = 98C6554D2A5D3F03004C0691 /* Test.app */;
			productType = "com.apple.product-type.application";
		};
		98C655622A5D3F05004C0691 /* TestTests */ = {
			isa = PBXNativeTarget;
			buildConfigurationList = 98C6557A2A5D3F05004C0691 /* Build configuration list for PBXNativeTarget "TestTests" */;
			buildPhases = (
				98C6555F2A5D3F05004C0691 /* Sources */,
				98C655602A5D3F05004C0691 /* Frameworks */,
				98C655612A5D3F05004C0691 /* Resources */,
			);
			buildRules = (
			);
			dependencies = (
				98C655652A5D3F05004C0691 /* PBXTargetDependency */,
			);
			name = TestTests;
			productName = TestTests;
			productReference = 98C655632A5D3F05004C0691 /* TestTests.xctest */;
			productType = "com.apple.product-type.bundle.unit-test";
		};
		98C6556C2A5D3F05004C0691 /* TestUITests */ = {
			isa = PBXNativeTarget;
			buildConfigurationList = 98C6557D2A5D3F05004C0691 /* Build configuration list for PBXNativeTarget "TestUITests" */;
			buildPhases = (
				98C655692A5D3F05004C0691 /* Sources */,
				98C6556A2A5D3F05004C0691 /* Frameworks */,
				98C6556B2A5D3F05004C0691 /* Resources */,
			);
			buildRules = (
			);
			dependencies = (
				98C6556F2A5D3F05004C0691 /* PBXTargetDependency */,
			);
			name = TestUITests;
			productName = TestUITests;
			productReference = 98C6556D2A5D3F05004C0691 /* TestUITests.xctest */;
			productType = "com.apple.product-type.bundle.ui-testing";
		};
/* End PBXNativeTarget section */

/* Begin PBXProject section */
		98C655452A5D3F02004C0691 /* Project object */ = {
			isa = PBXProject;
			attributes = {
				BuildIndependentTargetsInParallel = 1;
				LastSwiftUpdateCheck = 1420;
				LastUpgradeCheck = 1420;
				TargetAttributes = {
					98C6554C2A5D3F03004C0691 = {
						CreatedOnToolsVersion = 14.2;
					};
					98C655622A5D3F05004C0691 = {
						CreatedOnToolsVersion = 14.2;
						TestTargetID = 98C6554C2A5D3F03004C0691;
					};
					98C6556C2A5D3F05004C0691 = {
						CreatedOnToolsVersion = 14.2;
						TestTargetID = 98C6554C2A5D3F03004C0691;
					};
				};
			};
			buildConfigurationList = 98C655482A5D3F02004C0691 /* Build configuration list for PBXProject "Test" */;
			compatibilityVersion = "Xcode 14.0";
			developmentRegion = en;
			hasScannedForEncodings = 0;
			knownRegions = (
				en,
				Base,
			);
			mainGroup = 98C655442A5D3F02004C0691;
			productRefGroup = 98C6554E2A5D3F03004C0691 /* Products */;
			projectDirPath = "";
			projectRoot = "";
			targets = (
				98C6554C2A5D3F03004C0691 /* Test */,
				98C655622A5D3F05004C0691 /* TestTests */,
				98C6556C2A5D3F05004C0691 /* TestUITests */,
			);
		};
/* End PBXProject section */

/* Begin PBXResourcesBuildPhase section */
		98C6554B2A5D3F03004C0691 /* Resources */ = {
			isa = PBXResourcesBuildPhase;
			buildActionMask = 2147483647;
			files = (
				98C655582A5D3F04004C0691 /* Preview Assets.xcassets in Resources */,
				98C655552A5D3F04004C0691 /* Assets.xcassets in Resources */,
			);
			runOnlyForDeploymentPostprocessing = 0;
		};
		98C655612A5D3F05004C0691 /* Resources */ = {
			isa = PBXResourcesBuildPhase;
			buildActionMask = 2147483647;
			files = (
			);
			runOnlyForDeploymentPostprocessing = 0;
		};
		98C6556B2A5D3F05004C0691 /* Resources */ = {
			isa = PBXResourcesBuildPhase;
			buildActionMask = 2147483647;
			files = (
			);
			runOnlyForDeploymentPostprocessing = 0;
		};
/* End PBXResourcesBuildPhase section */

/* Begin PBXSourcesBuildPhase section */
		98C655492A5D3F03004C0691 /* Sources */ = {
			isa = PBXSourcesBuildPhase;
			buildActionMask = 2147483647;
			files = (
				98C6555A2A5D3F04004C0691 /* Persistence.swift in Sources */,
				98C6555D2A5D3F04004C0691 /* Test.xcdatamodeld in Sources */,
				98C655532A5D3F03004C0691 /* ContentView.swift in Sources */,
				98C655512A5D3F03004C0691 /* TestApp.swift in Sources */,
			);
			runOnlyForDeploymentPostprocessing = 0;
		};
		98C6555F2A5D3F05004C0691 /* Sources */ = {
			isa = PBXSourcesBuildPhase;
			buildActionMask = 2147483647;
			files = (
				98C655682A5D3F05004C0691 /* TestTests.swift in Sources */,
			);
			runOnlyForDeploymentPostprocessing = 0;
		};
		98C655692A5D3F05004C0691 /* Sources */ = {
			isa = PBXSourcesBuildPhase;
			buildActionMask = 2147483647;
			files = (
				98C655742A5D3F05004C0691 /* TestUITestsLaunchTests.swift in Sources */,
				98C655722A5D3F05004C0691 /* TestUITests.swift in Sources */,
			);
			runOnlyForDeploymentPostprocessing = 0;
		};
/* End PBXSourcesBuildPhase section */

/* Begin PBXTargetDependency section */
		98C655652A5D3F05004C0691 /* PBXTargetDependency */ = {
			isa = PBXTargetDependency;
			target = 98C6554C2A5D3F03004C0691 /* Test */;
			targetProxy = 98C655642A5D3F05004C0691 /* PBXContainerItemProxy */;
		};
		98C6556F2A5D3F05004C0691 /* PBXTargetDependency */ = {
			isa = PBXTargetDependency;
			target = 98C6554C2A5D3F03004C0691 /* Test */;
			targetProxy = 98C6556E2A5D3F05004C0691 /* PBXContainerItemProxy */;
		};
/* End PBXTargetDependency section */

/* Begin XCBuildConfiguration section */
		98C655752A5D3F05004C0691 /* Debug */ = {
			isa = XCBuildConfiguration;
			buildSettings = {
				ALWAYS_SEARCH_USER_PATHS = NO;
				CLANG_ANALYZER_NONNULL = YES;
				CLANG_ANALYZER_NUMBER_OBJECT_CONVERSION = YES_AGGRESSIVE;
				CLANG_CXX_LANGUAGE_STANDARD = "gnu++20";
				CLANG_ENABLE_MODULES = YES;
				CLANG_ENABLE_OBJC_ARC = YES;
				CLANG_ENABLE_OBJC_WEAK = YES;
				CLANG_WARN_BLOCK_CAPTURE_AUTORELEASING = YES;
				CLANG_WARN_BOOL_CONVERSION = YES;
				CLANG_WARN_COMMA = YES;
				CLANG_WARN_CONSTANT_CONVERSION = YES;
				CLANG_WARN_DEPRECATED_OBJC_IMPLEMENTATIONS = YES;
				CLANG_WARN_DIRECT_OBJC_ISA_USAGE = YES_ERROR;
				CLANG_WARN_DOCUMENTATION_COMMENTS = YES;
				CLANG_WARN_EMPTY_BODY = YES;
				CLANG_WARN_ENUM_CONVERSION = YES;
				CLANG_WARN_INFINITE_RECURSION = YES;
				CLANG_WARN_INT_CONVERSION = YES;
				CLANG_WARN_NON_LITERAL_NULL_CONVERSION = YES;
				CLANG_WARN_OBJC_IMPLICIT_RETAIN_SELF = YES;
				CLANG_WARN_OBJC_LITERAL_CONVERSION = YES;
				CLANG_WARN_OBJC_ROOT_CLASS = YES_ERROR;
				CLANG_WARN_QUOTED_INCLUDE_IN_FRAMEWORK_HEADER = YES;
				CLANG_WARN_RANGE_LOOP_ANALYSIS = YES;
				CLANG_WARN_STRICT_PROTOTYPES = YES;
				CLANG_WARN_SUSPICIOUS_MOVE = YES;
				CLANG_WARN_UNGUARDED_AVAILABILITY = YES_AGGRESSIVE;
				CLANG_WARN_UNREACHABLE_CODE = YES;
				CLANG_WARN__DUPLICATE_METHOD_MATCH = YES;
				COPY_PHASE_STRIP = NO;
				DEBUG_INFORMATION_FORMAT = dwarf;
				ENABLE_STRICT_OBJC_MSGSEND = YES;
				ENABLE_TESTABILITY = YES;
				GCC_C_LANGUAGE_STANDARD = gnu11;
				GCC_DYNAMIC_NO_PIC = NO;
				GCC_NO_COMMON_BLOCKS = YES;
				GCC_OPTIMIZATION_LEVEL = 0;
				GCC_PREPROCESSOR_DEFINITIONS = (
					"DEBUG=1",
					"$(inherited)",
				);
				GCC_WARN_64_TO_32_BIT_CONVERSION = YES;
				GCC_WARN_ABOUT_RETURN_TYPE = YES_ERROR;
				GCC_WARN_UNDECLARED_SELECTOR = YES;
				GCC_WARN_UNINITIALIZED_AUTOS = YES_AGGRESSIVE;
				GCC_WARN_UNUSED_FUNCTION = YES;
				GCC_WARN_UNUSED_VARIABLE = YES;
				MACOSX_DEPLOYMENT_TARGET = 12.6;
				MTL_ENABLE_DEBUG_INFO = INCLUDE_SOURCE;
				MTL_FAST_MATH = YES;
				ONLY_ACTIVE_ARCH = YES;
				SDKROOT = macosx;
				SWIFT_ACTIVE_COMPILATION_CONDITIONS = DEBUG;
				SWIFT_OPTIMIZATION_LEVEL = "-Onone";
			};
			name = Debug;
		};
		98C655762A5D3F05004C0691 /* Release */ = {
			isa = XCBuildConfiguration;
			buildSettings = {
				ALWAYS_SEARCH_USER_PATHS = NO;
				CLANG_ANALYZER_NONNULL = YES;
				CLANG_ANALYZER_NUMBER_OBJECT_CONVERSION = YES_AGGRESSIVE;
				CLANG_CXX_LANGUAGE_STANDARD = "gnu++20";
				CLANG_ENABLE_MODULES = YES;
				CLANG_ENABLE_OBJC_ARC = YES;
				CLANG_ENABLE_OBJC_WEAK = YES;
				CLANG_WARN_BLOCK_CAPTURE_AUTORELEASING = YES;
				CLANG_WARN_BOOL_CONVERSION = YES;
				CLANG_WARN_COMMA = YES;
				CLANG_WARN_CONSTANT_CONVERSION = YES;
				CLANG_WARN_DEPRECATED_OBJC_IMPLEMENTATIONS = YES;
				CLANG_WARN_DIRECT_OBJC_ISA_USAGE = YES_ERROR;
				CLANG_WARN_DOCUMENTATION_COMMENTS = YES;
				CLANG_WARN_EMPTY_BODY = YES;
				CLANG_WARN_ENUM_CONVERSION = YES;
				CLANG_WARN_INFINITE_RECURSION = YES;
				CLANG_WARN_INT_CONVERSION = YES;
				CLANG_WARN_NON_LITERAL_NULL_CONVERSION = YES;
				CLANG_WARN_OBJC_IMPLICIT_RETAIN_SELF = YES;
				CLANG_WARN_OBJC_LITERAL_CONVERSION = YES;
				CLANG_WARN_OBJC_ROOT_CLASS = YES_ERROR;
				CLANG_WARN_QUOTED_INCLUDE_IN_FRAMEWORK_HEADER = YES;
				CLANG_WARN_RANGE_LOOP_ANALYSIS = YES;
				CLANG_WARN_STRICT_PROTOTYPES = YES;
				CLANG_WARN_SUSPICIOUS_MOVE = YES;
				CLANG_WARN_UNGUARDED_AVAILABILITY = YES_AGGRESSIVE;
				CLANG_WARN_UNREACHABLE_CODE = YES;
				CLANG_WARN__DUPLICATE_METHOD_MATCH = YES;
				COPY_PHASE_STRIP = NO;
				DEBUG_INFORMATION_FORMAT = "dwarf-with-dsym";
				ENABLE_NS_ASSERTIONS = NO;
				ENABLE_STRICT_OBJC_MSGSEND = YES;
				GCC_C_LANGUAGE_STANDARD = gnu11;
				GCC_NO_COMMON_BLOCKS = YES;
				GCC_WARN_64_TO_32_BIT_CONVERSION = YES;
				GCC_WARN_ABOUT_RETURN_TYPE = YES_ERROR;
				GCC_WARN_UNDECLARED_SELECTOR = YES;
				GCC_WARN_UNINITIALIZED_AUTOS = YES_AGGRESSIVE;
				GCC_WARN_UNUSED_FUNCTION = YES;
				GCC_WARN_UNUSED_VARIABLE = YES;
				MACOSX_DEPLOYMENT_TARGET = 12.6;
				MTL_ENABLE_DEBUG_INFO = NO;
				MTL_FAST_MATH = YES;
				SDKROOT = macosx;
				SWIFT_COMPILATION_MODE = wholemodule;
				SWIFT_OPTIMIZATION_LEVEL = "-O";
			};
			name = Release;
		};
		98C655782A5D3F05004C0691 /* Debug */ = {
			isa = XCBuildConfiguration;
			buildSettings = {
				ASSETCATALOG_COMPILER_APPICON_NAME = AppIcon;
				ASSETCATALOG_COMPILER_GLOBAL_ACCENT_COLOR_NAME = AccentColor;
				CODE_SIGN_ENTITLEMENTS = Test/Test.entitlements;
				CODE_SIGN_STYLE = Automatic;
				COMBINE_HIDPI_IMAGES = YES;
				CURRENT_PROJECT_VERSION = 1;
				DEVELOPMENT_ASSET_PATHS = "\"Test/Preview Content\"";
				ENABLE_PREVIEWS = YES;
				GENERATE_INFOPLIST_FILE = YES;
				INFOPLIST_KEY_NSHumanReadableCopyright = "";
				LD_RUNPATH_SEARCH_PATHS = (
					"$(inherited)",
					"@executable_path/../Frameworks",
				);
				MARKETING_VERSION = 1.0;
				PRODUCT_BUNDLE_IDENTIFIER = SmartLeaderApp.Test;
				PRODUCT_NAME = "$(TARGET_NAME)";
				SWIFT_EMIT_LOC_STRINGS = YES;
				SWIFT_VERSION = 5.0;
			};
			name = Debug;
		};
		98C655792A5D3F05004C0691 /* Release */ = {
			isa = XCBuildConfiguration;
			buildSettings = {
				ASSETCATALOG_COMPILER_APPICON_NAME = AppIcon;
				ASSETCATALOG_COMPILER_GLOBAL_ACCENT_COLOR_NAME = AccentColor;
				CODE_SIGN_ENTITLEMENTS = Test/Test.entitlements;
				CODE_SIGN_STYLE = Automatic;
				COMBINE_HIDPI_IMAGES = YES;
				CURRENT_PROJECT_VERSION = 1;
				DEVELOPMENT_ASSET_PATHS = "\"Test/Preview Content\"";
				ENABLE_PREVIEWS = YES;
				GENERATE_INFOPLIST_FILE = YES;
				INFOPLIST_KEY_NSHumanReadableCopyright = "";
				LD_RUNPATH_SEARCH_PATHS = (
					"$(inherited)",
					"@executable_path/../Frameworks",
				);
				MARKETING_VERSION = 1.0;
				PRODUCT_BUNDLE_IDENTIFIER = SmartLeaderApp.Test;
				PRODUCT_NAME = "$(TARGET_NAME)";
				SWIFT_EMIT_LOC_STRINGS = YES;
				SWIFT_VERSION = 5.0;
			};
			name = Release;
		};
		98C6557B2A5D3F05004C0691 /* Debug */ = {
			isa = XCBuildConfiguration;
			buildSettings = {
				ALWAYS_EMBED_SWIFT_STANDARD_LIBRARIES = YES;
				BUNDLE_LOADER = "$(TEST_HOST)";
				CODE_SIGN_STYLE = Automatic;
				CURRENT_PROJECT_VERSION = 1;
				GENERATE_INFOPLIST_FILE = YES;
				MACOSX_DEPLOYMENT_TARGET = 12.6;
				MARKETING_VERSION = 1.0;
				PRODUCT_BUNDLE_IDENTIFIER = SmartLeaderApp.TestTests;
				PRODUCT_NAME = "$(TARGET_NAME)";
				SWIFT_EMIT_LOC_STRINGS = NO;
				SWIFT_VERSION = 5.0;
				TEST_HOST = "$(BUILT_PRODUCTS_DIR)/Test.app/$(BUNDLE_EXECUTABLE_FOLDER_PATH)/Test";
			};
			name = Debug;
		};
		98C6557C2A5D3F05004C0691 /* Release */ = {
			isa = XCBuildConfiguration;
			buildSettings = {
				ALWAYS_EMBED_SWIFT_STANDARD_LIBRARIES = YES;
				BUNDLE_LOADER = "$(TEST_HOST)";
				CODE_SIGN_STYLE = Automatic;
				CURRENT_PROJECT_VERSION = 1;
				GENERATE_INFOPLIST_FILE = YES;
				MACOSX_DEPLOYMENT_TARGET = 12.6;
				MARKETING_VERSION = 1.0;
				PRODUCT_BUNDLE_IDENTIFIER = SmartLeaderApp.TestTests;
				PRODUCT_NAME = "$(TARGET_NAME)";
				SWIFT_EMIT_LOC_STRINGS = NO;
				SWIFT_VERSION = 5.0;
				TEST_HOST = "$(BUILT_PRODUCTS_DIR)/Test.app/$(BUNDLE_EXECUTABLE_FOLDER_PATH)/Test";
			};
			name = Release;
		};
		98C6557E2A5D3F05004C0691 /* Debug */ = {
			isa = XCBuildConfiguration;
			buildSettings = {
				ALWAYS_EMBED_SWIFT_STANDARD_LIBRARIES = YES;
				CODE_SIGN_STYLE = Automatic;
				CURRENT_PROJECT_VERSION = 1;
				GENERATE_INFOPLIST_FILE = YES;
				MARKETING_VERSION = 1.0;
				PRODUCT_BUNDLE_IDENTIFIER = SmartLeaderApp.TestUITests;
				PRODUCT_NAME = "$(TARGET_NAME)";
				SWIFT_EMIT_LOC_STRINGS = NO;
				SWIFT_VERSION = 5.0;
				TEST_TARGET_NAME = Test;
			};
			name = Debug;
		};
		98C6557F2A5D3F05004C0691 /* Release */ = {
			isa = XCBuildConfiguration;
			buildSettings = {
				ALWAYS_EMBED_SWIFT_STANDARD_LIBRARIES = YES;
				CODE_SIGN_STYLE = Automatic;
				CURRENT_PROJECT_VERSION = 1;
				GENERATE_INFOPLIST_FILE = YES;
				MARKETING_VERSION = 1.0;
				PRODUCT_BUNDLE_IDENTIFIER = SmartLeaderApp.TestUITests;
				PRODUCT_NAME = "$(TARGET_NAME)";
				SWIFT_EMIT_LOC_STRINGS = NO;
				SWIFT_VERSION = 5.0;
				TEST_TARGET_NAME = Test;
			};
			name = Release;
		};
/* End XCBuildConfiguration section */

/* Begin XCConfigurationList section */
		98C655482A5D3F02004C0691 /* Build configuration list for PBXProject "Test" */ = {
			isa = XCConfigurationList;
			buildConfigurations = (
				98C655752A5D3F05004C0691 /* Debug */,
				98C655762A5D3F05004C0691 /* Release */,
			);
			defaultConfigurationIsVisible = 0;
			defaultConfigurationName = Release;
		};
		98C655772A5D3F05004C0691 /* Build configuration list for PBXNativeTarget "Test" */ = {
			isa = XCConfigurationList;
			buildConfigurations = (
				98C655782A5D3F05004C0691 /* Debug */,
				98C655792A5D3F05004C0691 /* Release */,
			);
			defaultConfigurationIsVisible = 0;
			defaultConfigurationName = Release;
		};
		98C6557A2A5D3F05004C0691 /* Build configuration list for PBXNativeTarget "TestTests" */ = {
			isa = XCConfigurationList;
			buildConfigurations = (
				98C6557B2A5D3F05004C0691 /* Debug */,
				98C6557C2A5D3F05004C0691 /* Release */,
			);
			defaultConfigurationIsVisible = 0;
			defaultConfigurationName = Release;
		};
		98C6557D2A5D3F05004C0691 /* Build configuration list for PBXNativeTarget "TestUITests" */ = {
			isa = XCConfigurationList;
			buildConfigurations = (
				98C6557E2A5D3F05004C0691 /* Debug */,
				98C6557F2A5D3F05004C0691 /* Release */,
			);
			defaultConfigurationIsVisible = 0;
			defaultConfigurationName = Release;
		};
/* End XCConfigurationList section */

/* Begin XCVersionGroup section */
		98C6555B2A5D3F04004C0691 /* Test.xcdatamodeld */ = {
			isa = XCVersionGroup;
			children = (
				98C6555C2A5D3F04004C0691 /* Test.xcdatamodel */,
			);
			currentVersion = 98C6555C2A5D3F04004C0691 /* Test.xcdatamodel */;
			path = Test.xcdatamodeld;
			sourceTree = "<group>";
			versionGroupType = wrapper.xcdatamodel;
		};
/* End XCVersionGroup section */
	};
	rootObject = 98C655452A5D3F02004C0691 /* Project object */;
}
